
Microsoft Visual Studio Solution File, Format Version 12.00
# Visual Studio Version 16
VisualStudioVersion = 16.0.29025.244
MinimumVisualStudioVersion = 10.0.40219.1
Project("{FAE04EC0-301F-11D3-BF4B-00C04F79EFBC}") = "LayoutExtensions.WPF", "LayoutExtensions.WPF\LayoutExtensions.WPF.csproj", "{9FF27AC8-D35F-4C26-ACC7-A478F8917AE2}"
EndProject
Global
	GlobalSection(SolutionConfigurationPlatforms) = preSolution
		Debug|Any CPU = Debug|Any CPU
		Release|Any CPU = Release|Any CPU
	EndGlobalSection
	GlobalSection(ProjectConfigurationPlatforms) = postSolution
		{9FF27AC8-D35F-4C26-ACC7-A478F8917AE2}.Debug|Any CPU.ActiveCfg = Debug|Any CPU
		{9FF27AC8-D35F-4C26-ACC7-A478F8917AE2}.Debug|Any CPU.Build.0 = Debug|Any CPU
		{9FF27AC8-D35F-4C26-ACC7-A478F8917AE2}.Release|Any CPU.ActiveCfg = Release|Any CPU
		{9FF27AC8-D35F-4C26-ACC7-A478F8917AE2}.Release|Any CPU.Build.0 = Release|Any CPU
	EndGlobalSection
	GlobalSection(SolutionProperties) = preSolution
		HideSolutionNode = FALSE
	EndGlobalSection
	GlobalSection(ExtensibilityGlobals) = postSolution
		SolutionGuid = {F938304B-8E99-464E-BF84-9BE8CEB92AB5}
	EndGlobalSection
EndGlobal
